// !$*UTF8*$!
{
	archiveVersion = 1;
	classes = {
	};
	objectVersion = 52;
	objects = {

/* Begin PBXBuildFile section */
		6B50CD28201A3DA7005C4179 /* Launch Screen.storyboard in Resources */ = {isa = PBXBuildFile; fileRef = 6B50CD27201A3DA7005C4179 /* Launch Screen.storyboard */; };
		6BC0BC302019ED750033FEC1 /* StageView.swift in Sources */ = {isa = PBXBuildFile; fileRef = 6BC0BC2F2019ED750033FEC1 /* StageView.swift */; };
		6BC0BC352019F7140033FEC1 /* Main.storyboard in Resources */ = {isa = PBXBuildFile; fileRef = 6BC0BC332019F7140033FEC1 /* Main.storyboard */; };
		6BDB17AB2288181A00A1E4E5 /* KRTournamentViewStyle+Ex.swift in Sources */ = {isa = PBXBuildFile; fileRef = 6BDB17AA2288181A00A1E4E5 /* KRTournamentViewStyle+Ex.swift */; };
		6BDB17AD22881A6200A1E4E5 /* MyMatch.swift in Sources */ = {isa = PBXBuildFile; fileRef = 6BDB17AC22881A6200A1E4E5 /* MyMatch.swift */; };
		6BDB17AF2288456000A1E4E5 /* BracketVC.swift in Sources */ = {isa = PBXBuildFile; fileRef = 6BDB17AE2288456000A1E4E5 /* BracketVC.swift */; };
		6BF4AED01FD579E1005EDCE0 /* AppDelegate.swift in Sources */ = {isa = PBXBuildFile; fileRef = 6BF4AECF1FD579E1005EDCE0 /* AppDelegate.swift */; };
		6BF4AED21FD579E1005EDCE0 /* MainVC.swift in Sources */ = {isa = PBXBuildFile; fileRef = 6BF4AED11FD579E1005EDCE0 /* MainVC.swift */; };
		6BF4AED71FD579E1005EDCE0 /* Assets.xcassets in Resources */ = {isa = PBXBuildFile; fileRef = 6BF4AED61FD579E1005EDCE0 /* Assets.xcassets */; };
		916C8D9DB1D4C2B86BF04097 /* Pods_KRTournamentViewDemo.framework in Frameworks */ = {isa = PBXBuildFile; fileRef = D2EC14EBB87C1C813A0E0ED6 /* Pods_KRTournamentViewDemo.framework */; };
/* End PBXBuildFile section */

/* Begin PBXFileReference section */
		1E50F977C05A73112F3733B8 /* Pods-KRTournamentViewDemo.debug.xcconfig */ = {isa = PBXFileReference; includeInIndex = 1; lastKnownFileType = text.xcconfig; name = "Pods-KRTournamentViewDemo.debug.xcconfig"; path = "Target Support Files/Pods-KRTournamentViewDemo/Pods-KRTournamentViewDemo.debug.xcconfig"; sourceTree = "<group>"; };
		6B50CD27201A3DA7005C4179 /* Launch Screen.storyboard */ = {isa = PBXFileReference; lastKnownFileType = file.storyboard; path = "Launch Screen.storyboard"; sourceTree = "<group>"; };
		6BC0BC2F2019ED750033FEC1 /* StageView.swift */ = {isa = PBXFileReference; lastKnownFileType = sourcecode.swift; path = StageView.swift; sourceTree = "<group>"; };
		6BC0BC332019F7140033FEC1 /* Main.storyboard */ = {isa = PBXFileReference; fileEncoding = 4; lastKnownFileType = file.storyboard; path = Main.storyboard; sourceTree = "<group>"; };
		6BDB17AA2288181A00A1E4E5 /* KRTournamentViewStyle+Ex.swift */ = {isa = PBXFileReference; fileEncoding = 4; lastKnownFileType = sourcecode.swift; path = "KRTournamentViewStyle+Ex.swift"; sourceTree = "<group>"; };
		6BDB17AC22881A6200A1E4E5 /* MyMatch.swift */ = {isa = PBXFileReference; lastKnownFileType = sourcecode.swift; path = MyMatch.swift; sourceTree = "<group>"; };
		6BDB17AE2288456000A1E4E5 /* BracketVC.swift */ = {isa = PBXFileReference; lastKnownFileType = sourcecode.swift; path = BracketVC.swift; sourceTree = "<group>"; };
		6BF4AECC1FD579E1005EDCE0 /* KRTournamentViewDemo.app */ = {isa = PBXFileReference; explicitFileType = wrapper.application; includeInIndex = 0; path = KRTournamentViewDemo.app; sourceTree = BUILT_PRODUCTS_DIR; };
		6BF4AECF1FD579E1005EDCE0 /* AppDelegate.swift */ = {isa = PBXFileReference; lastKnownFileType = sourcecode.swift; path = AppDelegate.swift; sourceTree = "<group>"; };
		6BF4AED11FD579E1005EDCE0 /* MainVC.swift */ = {isa = PBXFileReference; lastKnownFileType = sourcecode.swift; path = MainVC.swift; sourceTree = "<group>"; };
		6BF4AED61FD579E1005EDCE0 /* Assets.xcassets */ = {isa = PBXFileReference; lastKnownFileType = folder.assetcatalog; path = Assets.xcassets; sourceTree = "<group>"; };
		6BF4AEDB1FD579E1005EDCE0 /* Info.plist */ = {isa = PBXFileReference; lastKnownFileType = text.plist.xml; path = Info.plist; sourceTree = "<group>"; };
		A85706E02E63AD483C5181AF /* Pods-KRTournamentViewDemo.release.xcconfig */ = {isa = PBXFileReference; includeInIndex = 1; lastKnownFileType = text.xcconfig; name = "Pods-KRTournamentViewDemo.release.xcconfig"; path = "Target Support Files/Pods-KRTournamentViewDemo/Pods-KRTournamentViewDemo.release.xcconfig"; sourceTree = "<group>"; };
		D2EC14EBB87C1C813A0E0ED6 /* Pods_KRTournamentViewDemo.framework */ = {isa = PBXFileReference; explicitFileType = wrapper.framework; includeInIndex = 0; path = Pods_KRTournamentViewDemo.framework; sourceTree = BUILT_PRODUCTS_DIR; };
/* End PBXFileReference section */

/* Begin PBXFrameworksBuildPhase section */
		6BF4AEC91FD579E1005EDCE0 /* Frameworks */ = {
			isa = PBXFrameworksBuildPhase;
			buildActionMask = 2147483647;
			files = (
				916C8D9DB1D4C2B86BF04097 /* Pods_KRTournamentViewDemo.framework in Frameworks */,
			);
			runOnlyForDeploymentPostprocessing = 0;
		};
/* End PBXFrameworksBuildPhase section */

/* Begin PBXGroup section */
		14C86BA82CF981367FD97366 /* Pods */ = {
			isa = PBXGroup;
			children = (
				1E50F977C05A73112F3733B8 /* Pods-KRTournamentViewDemo.debug.xcconfig */,
				A85706E02E63AD483C5181AF /* Pods-KRTournamentViewDemo.release.xcconfig */,
			);
			path = Pods;
			sourceTree = "<group>";
		};
		6BADBA9A22535D1900CBEE76 /* Frameworks */ = {
			isa = PBXGroup;
			children = (
				D2EC14EBB87C1C813A0E0ED6 /* Pods_KRTournamentViewDemo.framework */,
			);
			name = Frameworks;
			sourceTree = "<group>";
		};
		6BF4AEC31FD579E1005EDCE0 = {
			isa = PBXGroup;
			children = (
				6BF4AECE1FD579E1005EDCE0 /* KRTournamentViewDemo */,
				6BF4AECD1FD579E1005EDCE0 /* Products */,
				6BADBA9A22535D1900CBEE76 /* Frameworks */,
				14C86BA82CF981367FD97366 /* Pods */,
			);
			sourceTree = "<group>";
		};
		6BF4AECD1FD579E1005EDCE0 /* Products */ = {
			isa = PBXGroup;
			children = (
				6BF4AECC1FD579E1005EDCE0 /* KRTournamentViewDemo.app */,
			);
			name = Products;
			sourceTree = "<group>";
		};
		6BF4AECE1FD579E1005EDCE0 /* KRTournamentViewDemo */ = {
			isa = PBXGroup;
			children = (
				6BF4AECF1FD579E1005EDCE0 /* AppDelegate.swift */,
				6BDB17AA2288181A00A1E4E5 /* KRTournamentViewStyle+Ex.swift */,
				6BDB17AC22881A6200A1E4E5 /* MyMatch.swift */,
				6BC0BC2F2019ED750033FEC1 /* StageView.swift */,
				6BF4AED11FD579E1005EDCE0 /* MainVC.swift */,
				6BDB17AE2288456000A1E4E5 /* BracketVC.swift */,
				6BC0BC332019F7140033FEC1 /* Main.storyboard */,
				6B50CD27201A3DA7005C4179 /* Launch Screen.storyboard */,
				6BF4AED61FD579E1005EDCE0 /* Assets.xcassets */,
				6BF4AEDB1FD579E1005EDCE0 /* Info.plist */,
			);
			path = KRTournamentViewDemo;
			sourceTree = "<group>";
		};
/* End PBXGroup section */

/* Begin PBXNativeTarget section */
		6BF4AECB1FD579E1005EDCE0 /* KRTournamentViewDemo */ = {
			isa = PBXNativeTarget;
			buildConfigurationList = 6BF4AEDE1FD579E1005EDCE0 /* Build configuration list for PBXNativeTarget "KRTournamentViewDemo" */;
			buildPhases = (
				73E028FB053A7CE71D13095F /* [CP] Check Pods Manifest.lock */,
				6BF4AEC81FD579E1005EDCE0 /* Sources */,
				6BF4AEC91FD579E1005EDCE0 /* Frameworks */,
				6BF4AECA1FD579E1005EDCE0 /* Resources */,
				6BCC9CA21FD57BB400EE7DEC /* ShellScript */,
				44B114F3BD30D29F1AD8ABFB /* [CP] Embed Pods Frameworks */,
			);
			buildRules = (
			);
			dependencies = (
			);
			name = KRTournamentViewDemo;
			productName = KRTournamentViewDemo;
			productReference = 6BF4AECC1FD579E1005EDCE0 /* KRTournamentViewDemo.app */;
			productType = "com.apple.product-type.application";
		};
/* End PBXNativeTarget section */

/* Begin PBXProject section */
		6BF4AEC41FD579E1005EDCE0 /* Project object */ = {
			isa = PBXProject;
			attributes = {
				LastSwiftUpdateCheck = 0910;
				LastUpgradeCheck = 0930;
				ORGANIZATIONNAME = Krimpedance;
				TargetAttributes = {
					6BF4AECB1FD579E1005EDCE0 = {
						CreatedOnToolsVersion = 9.1;
						ProvisioningStyle = Automatic;
					};
				};
			};
			buildConfigurationList = 6BF4AEC71FD579E1005EDCE0 /* Build configuration list for PBXProject "KRTournamentViewDemo" */;
			compatibilityVersion = "Xcode 11.0";
			developmentRegion = en;
			hasScannedForEncodings = 0;
			knownRegions = (
				en,
				Base,
			);
			mainGroup = 6BF4AEC31FD579E1005EDCE0;
			productRefGroup = 6BF4AECD1FD579E1005EDCE0 /* Products */;
			projectDirPath = "";
			projectRoot = "";
			targets = (
				6BF4AECB1FD579E1005EDCE0 /* KRTournamentViewDemo */,
			);
		};
/* End PBXProject section */

/* Begin PBXResourcesBuildPhase section */
		6BF4AECA1FD579E1005EDCE0 /* Resources */ = {
			isa = PBXResourcesBuildPhase;
			buildActionMask = 2147483647;
			files = (
				6B50CD28201A3DA7005C4179 /* Launch Screen.storyboard in Resources */,
				6BC0BC352019F7140033FEC1 /* Main.storyboard in Resources */,
				6BF4AED71FD579E1005EDCE0 /* Assets.xcassets in Resources */,
			);
			runOnlyForDeploymentPostprocessing = 0;
		};
/* End PBXResourcesBuildPhase section */

/* Begin PBXShellScriptBuildPhase section */
		44B114F3BD30D29F1AD8ABFB /* [CP] Embed Pods Frameworks */ = {
			isa = PBXShellScriptBuildPhase;
			buildActionMask = 2147483647;
			files = (
			);
			inputFileListPaths = (
				"${PODS_ROOT}/Target Support Files/Pods-KRTournamentViewDemo/Pods-KRTournamentViewDemo-frameworks-${CONFIGURATION}-input-files.xcfilelist",
			);
			name = "[CP] Embed Pods Frameworks";
			outputFileListPaths = (
				"${PODS_ROOT}/Target Support Files/Pods-KRTournamentViewDemo/Pods-KRTournamentViewDemo-frameworks-${CONFIGURATION}-output-files.xcfilelist",
			);
			runOnlyForDeploymentPostprocessing = 0;
			shellPath = /bin/sh;
			shellScript = "\"${PODS_ROOT}/Target Support Files/Pods-KRTournamentViewDemo/Pods-KRTournamentViewDemo-frameworks.sh\"\n";
			showEnvVarsInLog = 0;
		};
		6BCC9CA21FD57BB400EE7DEC /* ShellScript */ = {
			isa = PBXShellScriptBuildPhase;
			buildActionMask = 2147483647;
			files = (
			);
			inputPaths = (
			);
			outputPaths = (
			);
			runOnlyForDeploymentPostprocessing = 0;
			shellPath = /bin/sh;
			shellScript = "if which swiftlint >/dev/null; then\n  swiftlint\nelse\n  echo \"SwiftLint does not exist, download from https://github.com/realm/SwiftLint\"\nfi\n";
		};
		73E028FB053A7CE71D13095F /* [CP] Check Pods Manifest.lock */ = {
			isa = PBXShellScriptBuildPhase;
			buildActionMask = 2147483647;
			files = (
			);
			inputFileListPaths = (
			);
			inputPaths = (
				"${PODS_PODFILE_DIR_PATH}/Podfile.lock",
				"${PODS_ROOT}/Manifest.lock",
			);
			name = "[CP] Check Pods Manifest.lock";
			outputFileListPaths = (
			);
			outputPaths = (
				"$(DERIVED_FILE_DIR)/Pods-KRTournamentViewDemo-checkManifestLockResult.txt",
			);
			runOnlyForDeploymentPostprocessing = 0;
			shellPath = /bin/sh;
			shellScript = "diff \"${PODS_PODFILE_DIR_PATH}/Podfile.lock\" \"${PODS_ROOT}/Manifest.lock\" > /dev/null\nif [ $? != 0 ] ; then\n    # print error to STDERR\n    echo \"error: The sandbox is not in sync with the Podfile.lock. Run 'pod install' or update your CocoaPods installation.\" >&2\n    exit 1\nfi\n# This output is used by Xcode 'outputs' to avoid re-running this script phase.\necho \"SUCCESS\" > \"${SCRIPT_OUTPUT_FILE_0}\"\n";
			showEnvVarsInLog = 0;
		};
/* End PBXShellScriptBuildPhase section */

/* Begin PBXSourcesBuildPhase section */
		6BF4AEC81FD579E1005EDCE0 /* Sources */ = {
			isa = PBXSourcesBuildPhase;
			buildActionMask = 2147483647;
			files = (
				6BF4AED21FD579E1005EDCE0 /* MainVC.swift in Sources */,
				6BDB17AB2288181A00A1E4E5 /* KRTournamentViewStyle+Ex.swift in Sources */,
				6BDB17AD22881A6200A1E4E5 /* MyMatch.swift in Sources */,
				6BDB17AF2288456000A1E4E5 /* BracketVC.swift in Sources */,
				6BC0BC302019ED750033FEC1 /* StageView.swift in Sources */,
				6BF4AED01FD579E1005EDCE0 /* AppDelegate.swift in Sources */,
			);
			runOnlyForDeploymentPostprocessing = 0;
		};
/* End PBXSourcesBuildPhase section */

/* Begin XCBuildConfiguration section */
		6BF4AEDC1FD579E1005EDCE0 /* Debug */ = {
			isa = XCBuildConfiguration;
			buildSettings = {
				ALWAYS_SEARCH_USER_PATHS = NO;
				CLANG_ANALYZER_NONNULL = YES;
				CLANG_ANALYZER_NUMBER_OBJECT_CONVERSION = YES_AGGRESSIVE;
				CLANG_CXX_LANGUAGE_STANDARD = "gnu++14";
				CLANG_CXX_LIBRARY = "libc++";
				CLANG_ENABLE_MODULES = YES;
				CLANG_ENABLE_OBJC_ARC = YES;
				CLANG_WARN_BLOCK_CAPTURE_AUTORELEASING = YES;
				CLANG_WARN_BOOL_CONVERSION = YES;
				CLANG_WARN_COMMA = YES;
				CLANG_WARN_CONSTANT_CONVERSION = YES;
				CLANG_WARN_DEPRECATED_OBJC_IMPLEMENTATIONS = YES;
				CLANG_WARN_DIRECT_OBJC_ISA_USAGE = YES_ERROR;
				CLANG_WARN_DOCUMENTATION_COMMENTS = YES;
				CLANG_WARN_EMPTY_BODY = YES;
				CLANG_WARN_ENUM_CONVERSION = YES;
				CLANG_WARN_INFINITE_RECURSION = YES;
				CLANG_WARN_INT_CONVERSION = YES;
				CLANG_WARN_NON_LITERAL_NULL_CONVERSION = YES;
				CLANG_WARN_OBJC_IMPLICIT_RETAIN_SELF = YES;
				CLANG_WARN_OBJC_LITERAL_CONVERSION = YES;
				CLANG_WARN_OBJC_ROOT_CLASS = YES_ERROR;
				CLANG_WARN_RANGE_LOOP_ANALYSIS = YES;
				CLANG_WARN_STRICT_PROTOTYPES = YES;
				CLANG_WARN_SUSPICIOUS_MOVE = YES;
				CLANG_WARN_UNGUARDED_AVAILABILITY = YES_AGGRESSIVE;
				CLANG_WARN_UNREACHABLE_CODE = YES;
				CLANG_WARN__DUPLICATE_METHOD_MATCH = YES;
				CODE_SIGN_IDENTITY = "iPhone Developer";
				COPY_PHASE_STRIP = NO;
				DEBUG_INFORMATION_FORMAT = dwarf;
				ENABLE_STRICT_OBJC_MSGSEND = YES;
				ENABLE_TESTABILITY = YES;
				GCC_C_LANGUAGE_STANDARD = gnu11;
				GCC_DYNAMIC_NO_PIC = NO;
				GCC_NO_COMMON_BLOCKS = YES;
				GCC_OPTIMIZATION_LEVEL = 0;
				GCC_PREPROCESSOR_DEFINITIONS = (
					"DEBUG=1",
					"$(inherited)",
				);
				GCC_WARN_64_TO_32_BIT_CONVERSION = YES;
				GCC_WARN_ABOUT_RETURN_TYPE = YES_ERROR;
				GCC_WARN_UNDECLARED_SELECTOR = YES;
				GCC_WARN_UNINITIALIZED_AUTOS = YES_AGGRESSIVE;
				GCC_WARN_UNUSED_FUNCTION = YES;
				GCC_WARN_UNUSED_VARIABLE = YES;
				IPHONEOS_DEPLOYMENT_TARGET = 11.1;
				MTL_ENABLE_DEBUG_INFO = YES;
				ONLY_ACTIVE_ARCH = YES;
				SDKROOT = iphoneos;
				SWIFT_ACTIVE_COMPILATION_CONDITIONS = DEBUG;
				SWIFT_OPTIMIZATION_LEVEL = "-Onone";
				SWIFT_VERSION = 5.0;
			};
			name = Debug;
		};
		6BF4AEDD1FD579E1005EDCE0 /* Release */ = {
			isa = XCBuildConfiguration;
			buildSettings = {
				ALWAYS_SEARCH_USER_PATHS = NO;
				CLANG_ANALYZER_NONNULL = YES;
				CLANG_ANALYZER_NUMBER_OBJECT_CONVERSION = YES_AGGRESSIVE;
				CLANG_CXX_LANGUAGE_STANDARD = "gnu++14";
				CLANG_CXX_LIBRARY = "libc++";
				CLANG_ENABLE_MODULES = YES;
				CLANG_ENABLE_OBJC_ARC = YES;
				CLANG_WARN_BLOCK_CAPTURE_AUTORELEASING = YES;
				CLANG_WARN_BOOL_CONVERSION = YES;
				CLANG_WARN_COMMA = YES;
				CLANG_WARN_CONSTANT_CONVERSION = YES;
				CLANG_WARN_DEPRECATED_OBJC_IMPLEMENTATIONS = YES;
				CLANG_WARN_DIRECT_OBJC_ISA_USAGE = YES_ERROR;
				CLANG_WARN_DOCUMENTATION_COMMENTS = YES;
				CLANG_WARN_EMPTY_BODY = YES;
				CLANG_WARN_ENUM_CONVERSION = YES;
				CLANG_WARN_INFINITE_RECURSION = YES;
				CLANG_WARN_INT_CONVERSION = YES;
				CLANG_WARN_NON_LITERAL_NULL_CONVERSION = YES;
				CLANG_WARN_OBJC_IMPLICIT_RETAIN_SELF = YES;
				CLANG_WARN_OBJC_LITERAL_CONVERSION = YES;
				CLANG_WARN_OBJC_ROOT_CLASS = YES_ERROR;
				CLANG_WARN_RANGE_LOOP_ANALYSIS = YES;
				CLANG_WARN_STRICT_PROTOTYPES = YES;
				CLANG_WARN_SUSPICIOUS_MOVE = YES;
				CLANG_WARN_UNGUARDED_AVAILABILITY = YES_AGGRESSIVE;
				CLANG_WARN_UNREACHABLE_CODE = YES;
				CLANG_WARN__DUPLICATE_METHOD_MATCH = YES;
				CODE_SIGN_IDENTITY = "iPhone Developer";
				COPY_PHASE_STRIP = NO;
				DEBUG_INFORMATION_FORMAT = "dwarf-with-dsym";
				ENABLE_NS_ASSERTIONS = NO;
				ENABLE_STRICT_OBJC_MSGSEND = YES;
				GCC_C_LANGUAGE_STANDARD = gnu11;
				GCC_NO_COMMON_BLOCKS = YES;
				GCC_WARN_64_TO_32_BIT_CONVERSION = YES;
				GCC_WARN_ABOUT_RETURN_TYPE = YES_ERROR;
				GCC_WARN_UNDECLARED_SELECTOR = YES;
				GCC_WARN_UNINITIALIZED_AUTOS = YES_AGGRESSIVE;
				GCC_WARN_UNUSED_FUNCTION = YES;
				GCC_WARN_UNUSED_VARIABLE = YES;
				IPHONEOS_DEPLOYMENT_TARGET = 11.1;
				MTL_ENABLE_DEBUG_INFO = NO;
				SDKROOT = iphoneos;
				SWIFT_COMPILATION_MODE = wholemodule;
				SWIFT_OPTIMIZATION_LEVEL = "-O";
				SWIFT_VERSION = 5.0;
				VALIDATE_PRODUCT = YES;
			};
			name = Release;
		};
		6BF4AEDF1FD579E1005EDCE0 /* Debug */ = {
			isa = XCBuildConfiguration;
			baseConfigurationReference = 1E50F977C05A73112F3733B8 /* Pods-KRTournamentViewDemo.debug.xcconfig */;
			buildSettings = {
				ASSETCATALOG_COMPILER_APPICON_NAME = AppIcon;
				CODE_SIGN_STYLE = Automatic;
				CURRENT_PROJECT_VERSION = 2.0.0;
				DEVELOPMENT_TEAM = C9S69ME8A5;
				INFOPLIST_FILE = KRTournamentViewDemo/Info.plist;
				LD_RUNPATH_SEARCH_PATHS = (
					"$(inherited)",
					"@executable_path/Frameworks",
				);
				MARKETING_VERSION = 2.0.0;
				PRODUCT_BUNDLE_IDENTIFIER = com.krimpedance.KRTournamentViewDemo;
				PRODUCT_NAME = "$(TARGET_NAME)";
				SWIFT_VERSION = 5.0;
				TARGETED_DEVICE_FAMILY = "1,2";
			};
			name = Debug;
		};
		6BF4AEE01FD579E1005EDCE0 /* Release */ = {
			isa = XCBuildConfiguration;
			baseConfigurationReference = A85706E02E63AD483C5181AF /* Pods-KRTournamentViewDemo.release.xcconfig */;
			buildSettings = {
				ASSETCATALOG_COMPILER_APPICON_NAME = AppIcon;
				CODE_SIGN_STYLE = Automatic;
				CURRENT_PROJECT_VERSION = 2.0.0;
				DEVELOPMENT_TEAM = C9S69ME8A5;
				INFOPLIST_FILE = KRTournamentViewDemo/Info.plist;
				LD_RUNPATH_SEARCH_PATHS = (
					"$(inherited)",
					"@executable_path/Frameworks",
				);
				MARKETING_VERSION = 2.0.0;
				PRODUCT_BUNDLE_IDENTIFIER = com.krimpedance.KRTournamentViewDemo;
				PRODUCT_NAME = "$(TARGET_NAME)";
				SWIFT_VERSION = 5.0;
				TARGETED_DEVICE_FAMILY = "1,2";
			};
			name = Release;
		};
/* End XCBuildConfiguration section */

/* Begin XCConfigurationList section */
		6BF4AEC71FD579E1005EDCE0 /* Build configuration list for PBXProject "KRTournamentViewDemo" */ = {
			isa = XCConfigurationList;
			buildConfigurations = (
				6BF4AEDC1FD579E1005EDCE0 /* Debug */,
				6BF4AEDD1FD579E1005EDCE0 /* Release */,
			);
			defaultConfigurationIsVisible = 0;
			defaultConfigurationName = Release;
		};
		6BF4AEDE1FD579E1005EDCE0 /* Build configuration list for PBXNativeTarget "KRTournamentViewDemo" */ = {
			isa = XCConfigurationList;
			buildConfigurations = (
				6BF4AEDF1FD579E1005EDCE0 /* Debug */,
				6BF4AEE01FD579E1005EDCE0 /* Release */,
			);
			defaultConfigurationIsVisible = 0;
			defaultConfigurationName = Release;
		};
/* End XCConfigurationList section */
	};
	rootObject = 6BF4AEC41FD579E1005EDCE0 /* Project object */;
}
