// !$*UTF8*$!
{
	archiveVersion = 1;
	classes = {
	};
	objectVersion = 51;
	objects = {

/* Begin PBXBuildFile section */
		6B50CD202019FD5C005C4179 /* DataStore.swift in Sources */ = {isa = PBXBuildFile; fileRef = 6B50CD1F2019FD5C005C4179 /* DataStore.swift */; };
		6B50CD23201A28E8005C4179 /* SelectEntriesVC.swift in Sources */ = {isa = PBXBuildFile; fileRef = 6B50CD22201A28E8005C4179 /* SelectEntriesVC.swift */; };
		6B50CD28201A3DA7005C4179 /* Launch Screen.storyboard in Resources */ = {isa = PBXBuildFile; fileRef = 6B50CD27201A3DA7005C4179 /* Launch Screen.storyboard */; };
		6B6055AB1FDA61700075072B /* KRTournamentView.framework in Frameworks */ = {isa = PBXBuildFile; fileRef = 6BCC9C991FD57B4200EE7DEC /* KRTournamentView.framework */; };
		6B6055AC1FDA61700075072B /* KRTournamentView.framework in Embed Frameworks */ = {isa = PBXBuildFile; fileRef = 6BCC9C991FD57B4200EE7DEC /* KRTournamentView.framework */; settings = {ATTRIBUTES = (CodeSignOnCopy, RemoveHeadersOnCopy, ); }; };
		6BC0BC302019ED750033FEC1 /* StageView.swift in Sources */ = {isa = PBXBuildFile; fileRef = 6BC0BC2F2019ED750033FEC1 /* StageView.swift */; };
		6BC0BC352019F7140033FEC1 /* Main.storyboard in Resources */ = {isa = PBXBuildFile; fileRef = 6BC0BC332019F7140033FEC1 /* Main.storyboard */; };
		6BC0BC372019FA4F0033FEC1 /* ColorListVC.swift in Sources */ = {isa = PBXBuildFile; fileRef = 6BC0BC362019FA4F0033FEC1 /* ColorListVC.swift */; };
		6BF4AED01FD579E1005EDCE0 /* AppDelegate.swift in Sources */ = {isa = PBXBuildFile; fileRef = 6BF4AECF1FD579E1005EDCE0 /* AppDelegate.swift */; };
		6BF4AED21FD579E1005EDCE0 /* MainVC.swift in Sources */ = {isa = PBXBuildFile; fileRef = 6BF4AED11FD579E1005EDCE0 /* MainVC.swift */; };
		6BF4AED71FD579E1005EDCE0 /* Assets.xcassets in Resources */ = {isa = PBXBuildFile; fileRef = 6BF4AED61FD579E1005EDCE0 /* Assets.xcassets */; };
/* End PBXBuildFile section */

/* Begin PBXContainerItemProxy section */
		6B6055AD1FDA61700075072B /* PBXContainerItemProxy */ = {
			isa = PBXContainerItemProxy;
			containerPortal = 6BCC9C901FD57B4200EE7DEC /* KRTournamentView.xcodeproj */;
			proxyType = 1;
			remoteGlobalIDString = 6BF4AE641FD57413005EDCE0;
			remoteInfo = "KRTournamentView-iOS";
		};
		6BCC9C981FD57B4200EE7DEC /* PBXContainerItemProxy */ = {
			isa = PBXContainerItemProxy;
			containerPortal = 6BCC9C901FD57B4200EE7DEC /* KRTournamentView.xcodeproj */;
			proxyType = 2;
			remoteGlobalIDString = 6BF4AE651FD57413005EDCE0;
			remoteInfo = "KRTournamentView-iOS";
		};
		6BCC9CA01FD57B4200EE7DEC /* PBXContainerItemProxy */ = {
			isa = PBXContainerItemProxy;
			containerPortal = 6BCC9C901FD57B4200EE7DEC /* KRTournamentView.xcodeproj */;
			proxyType = 2;
			remoteGlobalIDString = 6BF4AE6E1FD57413005EDCE0;
			remoteInfo = KRTournamentViewTests;
		};
/* End PBXContainerItemProxy section */

/* Begin PBXCopyFilesBuildPhase section */
		6B6055AF1FDA61700075072B /* Embed Frameworks */ = {
			isa = PBXCopyFilesBuildPhase;
			buildActionMask = 2147483647;
			dstPath = "";
			dstSubfolderSpec = 10;
			files = (
				6B6055AC1FDA61700075072B /* KRTournamentView.framework in Embed Frameworks */,
			);
			name = "Embed Frameworks";
			runOnlyForDeploymentPostprocessing = 0;
		};
/* End PBXCopyFilesBuildPhase section */

/* Begin PBXFileReference section */
		6B50CD1F2019FD5C005C4179 /* DataStore.swift */ = {isa = PBXFileReference; lastKnownFileType = sourcecode.swift; path = DataStore.swift; sourceTree = "<group>"; };
		6B50CD22201A28E8005C4179 /* SelectEntriesVC.swift */ = {isa = PBXFileReference; lastKnownFileType = sourcecode.swift; path = SelectEntriesVC.swift; sourceTree = "<group>"; };
		6B50CD27201A3DA7005C4179 /* Launch Screen.storyboard */ = {isa = PBXFileReference; lastKnownFileType = file.storyboard; path = "Launch Screen.storyboard"; sourceTree = "<group>"; };
		6BC0BC2F2019ED750033FEC1 /* StageView.swift */ = {isa = PBXFileReference; lastKnownFileType = sourcecode.swift; path = StageView.swift; sourceTree = "<group>"; };
		6BC0BC332019F7140033FEC1 /* Main.storyboard */ = {isa = PBXFileReference; fileEncoding = 4; lastKnownFileType = file.storyboard; path = Main.storyboard; sourceTree = "<group>"; };
		6BC0BC362019FA4F0033FEC1 /* ColorListVC.swift */ = {isa = PBXFileReference; lastKnownFileType = sourcecode.swift; path = ColorListVC.swift; sourceTree = "<group>"; };
		6BCC9C901FD57B4200EE7DEC /* KRTournamentView.xcodeproj */ = {isa = PBXFileReference; lastKnownFileType = "wrapper.pb-project"; name = KRTournamentView.xcodeproj; path = ../KRTournamentView.xcodeproj; sourceTree = "<group>"; };
		6BF4AECC1FD579E1005EDCE0 /* KRTournamentViewDemo.app */ = {isa = PBXFileReference; explicitFileType = wrapper.application; includeInIndex = 0; path = KRTournamentViewDemo.app; sourceTree = BUILT_PRODUCTS_DIR; };
		6BF4AECF1FD579E1005EDCE0 /* AppDelegate.swift */ = {isa = PBXFileReference; lastKnownFileType = sourcecode.swift; path = AppDelegate.swift; sourceTree = "<group>"; };
		6BF4AED11FD579E1005EDCE0 /* MainVC.swift */ = {isa = PBXFileReference; lastKnownFileType = sourcecode.swift; path = MainVC.swift; sourceTree = "<group>"; };
		6BF4AED61FD579E1005EDCE0 /* Assets.xcassets */ = {isa = PBXFileReference; lastKnownFileType = folder.assetcatalog; path = Assets.xcassets; sourceTree = "<group>"; };
		6BF4AEDB1FD579E1005EDCE0 /* Info.plist */ = {isa = PBXFileReference; lastKnownFileType = text.plist.xml; path = Info.plist; sourceTree = "<group>"; };
/* End PBXFileReference section */

/* Begin PBXFrameworksBuildPhase section */
		6BF4AEC91FD579E1005EDCE0 /* Frameworks */ = {
			isa = PBXFrameworksBuildPhase;
			buildActionMask = 2147483647;
			files = (
				6B6055AB1FDA61700075072B /* KRTournamentView.framework in Frameworks */,
			);
			runOnlyForDeploymentPostprocessing = 0;
		};
/* End PBXFrameworksBuildPhase section */

/* Begin PBXGroup section */
		6B50CD24201A3D60005C4179 /* Controllers */ = {
			isa = PBXGroup;
			children = (
				6BC0BC362019FA4F0033FEC1 /* ColorListVC.swift */,
				6BF4AED11FD579E1005EDCE0 /* MainVC.swift */,
				6B50CD22201A28E8005C4179 /* SelectEntriesVC.swift */,
			);
			path = Controllers;
			sourceTree = "<group>";
		};
		6B50CD25201A3D72005C4179 /* Views */ = {
			isa = PBXGroup;
			children = (
				6BC0BC2F2019ED750033FEC1 /* StageView.swift */,
			);
			path = Views;
			sourceTree = "<group>";
		};
		6B50CD26201A3D82005C4179 /* Layouts */ = {
			isa = PBXGroup;
			children = (
				6BC0BC332019F7140033FEC1 /* Main.storyboard */,
				6B50CD27201A3DA7005C4179 /* Launch Screen.storyboard */,
			);
			path = Layouts;
			sourceTree = "<group>";
		};
		6BCC9C911FD57B4200EE7DEC /* Products */ = {
			isa = PBXGroup;
			children = (
				6BCC9C991FD57B4200EE7DEC /* KRTournamentView.framework */,
				6BCC9CA11FD57B4200EE7DEC /* KRTournamentViewTests.xctest */,
			);
			name = Products;
			sourceTree = "<group>";
		};
		6BF4AEC31FD579E1005EDCE0 = {
			isa = PBXGroup;
			children = (
				6BF4AECE1FD579E1005EDCE0 /* KRTournamentViewDemo */,
				6BF4AECD1FD579E1005EDCE0 /* Products */,
				6BCC9C901FD57B4200EE7DEC /* KRTournamentView.xcodeproj */,
			);
			sourceTree = "<group>";
		};
		6BF4AECD1FD579E1005EDCE0 /* Products */ = {
			isa = PBXGroup;
			children = (
				6BF4AECC1FD579E1005EDCE0 /* KRTournamentViewDemo.app */,
			);
			name = Products;
			sourceTree = "<group>";
		};
		6BF4AECE1FD579E1005EDCE0 /* KRTournamentViewDemo */ = {
			isa = PBXGroup;
			children = (
				6BF4AECF1FD579E1005EDCE0 /* AppDelegate.swift */,
				6B50CD1F2019FD5C005C4179 /* DataStore.swift */,
				6B50CD25201A3D72005C4179 /* Views */,
				6B50CD24201A3D60005C4179 /* Controllers */,
				6B50CD26201A3D82005C4179 /* Layouts */,
				6BF4AED61FD579E1005EDCE0 /* Assets.xcassets */,
				6BF4AEDB1FD579E1005EDCE0 /* Info.plist */,
			);
			path = KRTournamentViewDemo;
			sourceTree = "<group>";
		};
/* End PBXGroup section */

/* Begin PBXNativeTarget section */
		6BF4AECB1FD579E1005EDCE0 /* KRTournamentViewDemo */ = {
			isa = PBXNativeTarget;
			buildConfigurationList = 6BF4AEDE1FD579E1005EDCE0 /* Build configuration list for PBXNativeTarget "KRTournamentViewDemo" */;
			buildPhases = (
				6BF4AEC81FD579E1005EDCE0 /* Sources */,
				6BF4AEC91FD579E1005EDCE0 /* Frameworks */,
				6BF4AECA1FD579E1005EDCE0 /* Resources */,
				6BCC9CA21FD57BB400EE7DEC /* ShellScript */,
				6B6055AF1FDA61700075072B /* Embed Frameworks */,
			);
			buildRules = (
			);
			dependencies = (
				6B6055AE1FDA61700075072B /* PBXTargetDependency */,
			);
			name = KRTournamentViewDemo;
			productName = KRTournamentViewDemo;
			productReference = 6BF4AECC1FD579E1005EDCE0 /* KRTournamentViewDemo.app */;
			productType = "com.apple.product-type.application";
		};
/* End PBXNativeTarget section */

/* Begin PBXProject section */
		6BF4AEC41FD579E1005EDCE0 /* Project object */ = {
			isa = PBXProject;
			attributes = {
				LastSwiftUpdateCheck = 0910;
				LastUpgradeCheck = 0930;
				ORGANIZATIONNAME = Krimpedance;
				TargetAttributes = {
					6BF4AECB1FD579E1005EDCE0 = {
						CreatedOnToolsVersion = 9.1;
						ProvisioningStyle = Automatic;
					};
				};
			};
			buildConfigurationList = 6BF4AEC71FD579E1005EDCE0 /* Build configuration list for PBXProject "KRTournamentViewDemo" */;
			compatibilityVersion = "Xcode 10.0";
			developmentRegion = en;
			hasScannedForEncodings = 0;
			knownRegions = (
				en,
				Base,
			);
			mainGroup = 6BF4AEC31FD579E1005EDCE0;
			productRefGroup = 6BF4AECD1FD579E1005EDCE0 /* Products */;
			projectDirPath = "";
			projectReferences = (
				{
					ProductGroup = 6BCC9C911FD57B4200EE7DEC /* Products */;
					ProjectRef = 6BCC9C901FD57B4200EE7DEC /* KRTournamentView.xcodeproj */;
				},
			);
			projectRoot = "";
			targets = (
				6BF4AECB1FD579E1005EDCE0 /* KRTournamentViewDemo */,
			);
		};
/* End PBXProject section */

/* Begin PBXReferenceProxy section */
		6BCC9C991FD57B4200EE7DEC /* KRTournamentView.framework */ = {
			isa = PBXReferenceProxy;
			fileType = wrapper.framework;
			path = KRTournamentView.framework;
			remoteRef = 6BCC9C981FD57B4200EE7DEC /* PBXContainerItemProxy */;
			sourceTree = BUILT_PRODUCTS_DIR;
		};
		6BCC9CA11FD57B4200EE7DEC /* KRTournamentViewTests.xctest */ = {
			isa = PBXReferenceProxy;
			fileType = wrapper.cfbundle;
			path = KRTournamentViewTests.xctest;
			remoteRef = 6BCC9CA01FD57B4200EE7DEC /* PBXContainerItemProxy */;
			sourceTree = BUILT_PRODUCTS_DIR;
		};
/* End PBXReferenceProxy section */

/* Begin PBXResourcesBuildPhase section */
		6BF4AECA1FD579E1005EDCE0 /* Resources */ = {
			isa = PBXResourcesBuildPhase;
			buildActionMask = 2147483647;
			files = (
				6B50CD28201A3DA7005C4179 /* Launch Screen.storyboard in Resources */,
				6BC0BC352019F7140033FEC1 /* Main.storyboard in Resources */,
				6BF4AED71FD579E1005EDCE0 /* Assets.xcassets in Resources */,
			);
			runOnlyForDeploymentPostprocessing = 0;
		};
/* End PBXResourcesBuildPhase section */

/* Begin PBXShellScriptBuildPhase section */
		6BCC9CA21FD57BB400EE7DEC /* ShellScript */ = {
			isa = PBXShellScriptBuildPhase;
			buildActionMask = 2147483647;
			files = (
			);
			inputPaths = (
			);
			outputPaths = (
			);
			runOnlyForDeploymentPostprocessing = 0;
			shellPath = /bin/sh;
			shellScript = "if which swiftlint >/dev/null; then\n  swiftlint\nelse\n  echo \"SwiftLint does not exist, download from https://github.com/realm/SwiftLint\"\nfi";
		};
/* End PBXShellScriptBuildPhase section */

/* Begin PBXSourcesBuildPhase section */
		6BF4AEC81FD579E1005EDCE0 /* Sources */ = {
			isa = PBXSourcesBuildPhase;
			buildActionMask = 2147483647;
			files = (
				6BC0BC372019FA4F0033FEC1 /* ColorListVC.swift in Sources */,
				6BF4AED21FD579E1005EDCE0 /* MainVC.swift in Sources */,
				6BC0BC302019ED750033FEC1 /* StageView.swift in Sources */,
				6B50CD23201A28E8005C4179 /* SelectEntriesVC.swift in Sources */,
				6B50CD202019FD5C005C4179 /* DataStore.swift in Sources */,
				6BF4AED01FD579E1005EDCE0 /* AppDelegate.swift in Sources */,
			);
			runOnlyForDeploymentPostprocessing = 0;
		};
/* End PBXSourcesBuildPhase section */

/* Begin PBXTargetDependency section */
		6B6055AE1FDA61700075072B /* PBXTargetDependency */ = {
			isa = PBXTargetDependency;
			name = "KRTournamentView-iOS";
			targetProxy = 6B6055AD1FDA61700075072B /* PBXContainerItemProxy */;
		};
/* End PBXTargetDependency section */

/* Begin XCBuildConfiguration section */
		6BF4AEDC1FD579E1005EDCE0 /* Debug */ = {
			isa = XCBuildConfiguration;
			buildSettings = {
				ALWAYS_SEARCH_USER_PATHS = NO;
				CLANG_ANALYZER_NONNULL = YES;
				CLANG_ANALYZER_NUMBER_OBJECT_CONVERSION = YES_AGGRESSIVE;
				CLANG_CXX_LANGUAGE_STANDARD = "gnu++14";
				CLANG_CXX_LIBRARY = "libc++";
				CLANG_ENABLE_MODULES = YES;
				CLANG_ENABLE_OBJC_ARC = YES;
				CLANG_WARN_BLOCK_CAPTURE_AUTORELEASING = YES;
				CLANG_WARN_BOOL_CONVERSION = YES;
				CLANG_WARN_COMMA = YES;
				CLANG_WARN_CONSTANT_CONVERSION = YES;
				CLANG_WARN_DEPRECATED_OBJC_IMPLEMENTATIONS = YES;
				CLANG_WARN_DIRECT_OBJC_ISA_USAGE = YES_ERROR;
				CLANG_WARN_DOCUMENTATION_COMMENTS = YES;
				CLANG_WARN_EMPTY_BODY = YES;
				CLANG_WARN_ENUM_CONVERSION = YES;
				CLANG_WARN_INFINITE_RECURSION = YES;
				CLANG_WARN_INT_CONVERSION = YES;
				CLANG_WARN_NON_LITERAL_NULL_CONVERSION = YES;
				CLANG_WARN_OBJC_IMPLICIT_RETAIN_SELF = YES;
				CLANG_WARN_OBJC_LITERAL_CONVERSION = YES;
				CLANG_WARN_OBJC_ROOT_CLASS = YES_ERROR;
				CLANG_WARN_RANGE_LOOP_ANALYSIS = YES;
				CLANG_WARN_STRICT_PROTOTYPES = YES;
				CLANG_WARN_SUSPICIOUS_MOVE = YES;
				CLANG_WARN_UNGUARDED_AVAILABILITY = YES_AGGRESSIVE;
				CLANG_WARN_UNREACHABLE_CODE = YES;
				CLANG_WARN__DUPLICATE_METHOD_MATCH = YES;
				CODE_SIGN_IDENTITY = "iPhone Developer";
				COPY_PHASE_STRIP = NO;
				DEBUG_INFORMATION_FORMAT = dwarf;
				ENABLE_STRICT_OBJC_MSGSEND = YES;
				ENABLE_TESTABILITY = YES;
				GCC_C_LANGUAGE_STANDARD = gnu11;
				GCC_DYNAMIC_NO_PIC = NO;
				GCC_NO_COMMON_BLOCKS = YES;
				GCC_OPTIMIZATION_LEVEL = 0;
				GCC_PREPROCESSOR_DEFINITIONS = (
					"DEBUG=1",
					"$(inherited)",
				);
				GCC_WARN_64_TO_32_BIT_CONVERSION = YES;
				GCC_WARN_ABOUT_RETURN_TYPE = YES_ERROR;
				GCC_WARN_UNDECLARED_SELECTOR = YES;
				GCC_WARN_UNINITIALIZED_AUTOS = YES_AGGRESSIVE;
				GCC_WARN_UNUSED_FUNCTION = YES;
				GCC_WARN_UNUSED_VARIABLE = YES;
				IPHONEOS_DEPLOYMENT_TARGET = 11.1;
				MTL_ENABLE_DEBUG_INFO = YES;
				ONLY_ACTIVE_ARCH = YES;
				SDKROOT = iphoneos;
				SWIFT_ACTIVE_COMPILATION_CONDITIONS = DEBUG;
				SWIFT_OPTIMIZATION_LEVEL = "-Onone";
				SWIFT_VERSION = 4.2;
			};
			name = Debug;
		};
		6BF4AEDD1FD579E1005EDCE0 /* Release */ = {
			isa = XCBuildConfiguration;
			buildSettings = {
				ALWAYS_SEARCH_USER_PATHS = NO;
				CLANG_ANALYZER_NONNULL = YES;
				CLANG_ANALYZER_NUMBER_OBJECT_CONVERSION = YES_AGGRESSIVE;
				CLANG_CXX_LANGUAGE_STANDARD = "gnu++14";
				CLANG_CXX_LIBRARY = "libc++";
				CLANG_ENABLE_MODULES = YES;
				CLANG_ENABLE_OBJC_ARC = YES;
				CLANG_WARN_BLOCK_CAPTURE_AUTORELEASING = YES;
				CLANG_WARN_BOOL_CONVERSION = YES;
				CLANG_WARN_COMMA = YES;
				CLANG_WARN_CONSTANT_CONVERSION = YES;
				CLANG_WARN_DEPRECATED_OBJC_IMPLEMENTATIONS = YES;
				CLANG_WARN_DIRECT_OBJC_ISA_USAGE = YES_ERROR;
				CLANG_WARN_DOCUMENTATION_COMMENTS = YES;
				CLANG_WARN_EMPTY_BODY = YES;
				CLANG_WARN_ENUM_CONVERSION = YES;
				CLANG_WARN_INFINITE_RECURSION = YES;
				CLANG_WARN_INT_CONVERSION = YES;
				CLANG_WARN_NON_LITERAL_NULL_CONVERSION = YES;
				CLANG_WARN_OBJC_IMPLICIT_RETAIN_SELF = YES;
				CLANG_WARN_OBJC_LITERAL_CONVERSION = YES;
				CLANG_WARN_OBJC_ROOT_CLASS = YES_ERROR;
				CLANG_WARN_RANGE_LOOP_ANALYSIS = YES;
				CLANG_WARN_STRICT_PROTOTYPES = YES;
				CLANG_WARN_SUSPICIOUS_MOVE = YES;
				CLANG_WARN_UNGUARDED_AVAILABILITY = YES_AGGRESSIVE;
				CLANG_WARN_UNREACHABLE_CODE = YES;
				CLANG_WARN__DUPLICATE_METHOD_MATCH = YES;
				CODE_SIGN_IDENTITY = "iPhone Developer";
				COPY_PHASE_STRIP = NO;
				DEBUG_INFORMATION_FORMAT = "dwarf-with-dsym";
				ENABLE_NS_ASSERTIONS = NO;
				ENABLE_STRICT_OBJC_MSGSEND = YES;
				GCC_C_LANGUAGE_STANDARD = gnu11;
				GCC_NO_COMMON_BLOCKS = YES;
				GCC_WARN_64_TO_32_BIT_CONVERSION = YES;
				GCC_WARN_ABOUT_RETURN_TYPE = YES_ERROR;
				GCC_WARN_UNDECLARED_SELECTOR = YES;
				GCC_WARN_UNINITIALIZED_AUTOS = YES_AGGRESSIVE;
				GCC_WARN_UNUSED_FUNCTION = YES;
				GCC_WARN_UNUSED_VARIABLE = YES;
				IPHONEOS_DEPLOYMENT_TARGET = 11.1;
				MTL_ENABLE_DEBUG_INFO = NO;
				SDKROOT = iphoneos;
				SWIFT_COMPILATION_MODE = wholemodule;
				SWIFT_OPTIMIZATION_LEVEL = "-O";
				SWIFT_VERSION = 4.2;
				VALIDATE_PRODUCT = YES;
			};
			name = Release;
		};
		6BF4AEDF1FD579E1005EDCE0 /* Debug */ = {
			isa = XCBuildConfiguration;
			buildSettings = {
				ALWAYS_EMBED_SWIFT_STANDARD_LIBRARIES = YES;
				ASSETCATALOG_COMPILER_APPICON_NAME = AppIcon;
				CODE_SIGN_STYLE = Automatic;
				DEVELOPMENT_TEAM = "";
				INFOPLIST_FILE = KRTournamentViewDemo/Info.plist;
				LD_RUNPATH_SEARCH_PATHS = (
					"$(inherited)",
					"@executable_path/Frameworks",
				);
				PRODUCT_BUNDLE_IDENTIFIER = com.krimpedance.KRTournamentViewDemo;
				PRODUCT_NAME = "$(TARGET_NAME)";
				SWIFT_VERSION = 4.2;
				TARGETED_DEVICE_FAMILY = "1,2";
			};
			name = Debug;
		};
		6BF4AEE01FD579E1005EDCE0 /* Release */ = {
			isa = XCBuildConfiguration;
			buildSettings = {
				ALWAYS_EMBED_SWIFT_STANDARD_LIBRARIES = YES;
				ASSETCATALOG_COMPILER_APPICON_NAME = AppIcon;
				CODE_SIGN_STYLE = Automatic;
				DEVELOPMENT_TEAM = "";
				INFOPLIST_FILE = KRTournamentViewDemo/Info.plist;
				LD_RUNPATH_SEARCH_PATHS = (
					"$(inherited)",
					"@executable_path/Frameworks",
				);
				PRODUCT_BUNDLE_IDENTIFIER = com.krimpedance.KRTournamentViewDemo;
				PRODUCT_NAME = "$(TARGET_NAME)";
				SWIFT_VERSION = 4.2;
				TARGETED_DEVICE_FAMILY = "1,2";
			};
			name = Release;
		};
/* End XCBuildConfiguration section */

/* Begin XCConfigurationList section */
		6BF4AEC71FD579E1005EDCE0 /* Build configuration list for PBXProject "KRTournamentViewDemo" */ = {
			isa = XCConfigurationList;
			buildConfigurations = (
				6BF4AEDC1FD579E1005EDCE0 /* Debug */,
				6BF4AEDD1FD579E1005EDCE0 /* Release */,
			);
			defaultConfigurationIsVisible = 0;
			defaultConfigurationName = Release;
		};
		6BF4AEDE1FD579E1005EDCE0 /* Build configuration list for PBXNativeTarget "KRTournamentViewDemo" */ = {
			isa = XCConfigurationList;
			buildConfigurations = (
				6BF4AEDF1FD579E1005EDCE0 /* Debug */,
				6BF4AEE01FD579E1005EDCE0 /* Release */,
			);
			defaultConfigurationIsVisible = 0;
			defaultConfigurationName = Release;
		};
/* End XCConfigurationList section */
	};
	rootObject = 6BF4AEC41FD579E1005EDCE0 /* Project object */;
}
